
Microsoft Visual Studio Solution File, Format Version 12.00
# Visual Studio Version 17
VisualStudioVersion = 17.4.33103.184
MinimumVisualStudioVersion = 10.0.40219.1
Project("{FAE04EC0-301F-11D3-BF4B-00C04F79EFBC}") = "Demo", "Demo\Demo.csproj", "{B72DD762-B427-42B3-B3BB-14AFCA1742F4}"
EndProject
Project("{FAE04EC0-301F-11D3-BF4B-00C04F79EFBC}") = "Ejercicio01", "Ejercicio01\Ejercicio01.csproj", "{253B1940-8439-4E82-B5DE-E6D000718A30}"
EndProject
Project("{FAE04EC0-301F-11D3-BF4B-00C04F79EFBC}") = "Ejericio02", "Ejericio02\Ejericio02.csproj", "{73E1CD3C-3EEE-448F-9B30-F09BFE86C76E}"
EndProject
Project("{FAE04EC0-301F-11D3-BF4B-00C04F79EFBC}") = "Ejercicio03", "Ejercicio03\Ejercicio03.csproj", "{66B07A56-9A84-49B9-ADC5-6D2929292740}"
EndProject
Project("{FAE04EC0-301F-11D3-BF4B-00C04F79EFBC}") = "Ejercicio04", "Ejercicio04\Ejercicio04.csproj", "{27788886-3838-4FE9-8258-B817D4E1B7C1}"
EndProject
Project("{FAE04EC0-301F-11D3-BF4B-00C04F79EFBC}") = "Ejercicio05", "Ejercicio05\Ejercicio05.csproj", "{EE81703A-D080-4A8F-AACA-47FC8BCFE24C}"
EndProject
Global
	GlobalSection(SolutionConfigurationPlatforms) = preSolution
		Debug|Any CPU = Debug|Any CPU
		Release|Any CPU = Release|Any CPU
	EndGlobalSection
	GlobalSection(ProjectConfigurationPlatforms) = postSolution
		{B72DD762-B427-42B3-B3BB-14AFCA1742F4}.Debug|Any CPU.ActiveCfg = Debug|Any CPU
		{B72DD762-B427-42B3-B3BB-14AFCA1742F4}.Debug|Any CPU.Build.0 = Debug|Any CPU
		{B72DD762-B427-42B3-B3BB-14AFCA1742F4}.Release|Any CPU.ActiveCfg = Release|Any CPU
		{B72DD762-B427-42B3-B3BB-14AFCA1742F4}.Release|Any CPU.Build.0 = Release|Any CPU
		{253B1940-8439-4E82-B5DE-E6D000718A30}.Debug|Any CPU.ActiveCfg = Debug|Any CPU
		{253B1940-8439-4E82-B5DE-E6D000718A30}.Debug|Any CPU.Build.0 = Debug|Any CPU
		{253B1940-8439-4E82-B5DE-E6D000718A30}.Release|Any CPU.ActiveCfg = Release|Any CPU
		{253B1940-8439-4E82-B5DE-E6D000718A30}.Release|Any CPU.Build.0 = Release|Any CPU
		{73E1CD3C-3EEE-448F-9B30-F09BFE86C76E}.Debug|Any CPU.ActiveCfg = Debug|Any CPU
		{73E1CD3C-3EEE-448F-9B30-F09BFE86C76E}.Debug|Any CPU.Build.0 = Debug|Any CPU
		{73E1CD3C-3EEE-448F-9B30-F09BFE86C76E}.Release|Any CPU.ActiveCfg = Release|Any CPU
		{73E1CD3C-3EEE-448F-9B30-F09BFE86C76E}.Release|Any CPU.Build.0 = Release|Any CPU
		{66B07A56-9A84-49B9-ADC5-6D2929292740}.Debug|Any CPU.ActiveCfg = Debug|Any CPU
		{66B07A56-9A84-49B9-ADC5-6D2929292740}.Debug|Any CPU.Build.0 = Debug|Any CPU
		{66B07A56-9A84-49B9-ADC5-6D2929292740}.Release|Any CPU.ActiveCfg = Release|Any CPU
		{66B07A56-9A84-49B9-ADC5-6D2929292740}.Release|Any CPU.Build.0 = Release|Any CPU
		{27788886-3838-4FE9-8258-B817D4E1B7C1}.Debug|Any CPU.ActiveCfg = Debug|Any CPU
		{27788886-3838-4FE9-8258-B817D4E1B7C1}.Debug|Any CPU.Build.0 = Debug|Any CPU
		{27788886-3838-4FE9-8258-B817D4E1B7C1}.Release|Any CPU.ActiveCfg = Release|Any CPU
		{27788886-3838-4FE9-8258-B817D4E1B7C1}.Release|Any CPU.Build.0 = Release|Any CPU
		{EE81703A-D080-4A8F-AACA-47FC8BCFE24C}.Debug|Any CPU.ActiveCfg = Debug|Any CPU
		{EE81703A-D080-4A8F-AACA-47FC8BCFE24C}.Debug|Any CPU.Build.0 = Debug|Any CPU
		{EE81703A-D080-4A8F-AACA-47FC8BCFE24C}.Release|Any CPU.ActiveCfg = Release|Any CPU
		{EE81703A-D080-4A8F-AACA-47FC8BCFE24C}.Release|Any CPU.Build.0 = Release|Any CPU
	EndGlobalSection
	GlobalSection(SolutionProperties) = preSolution
		HideSolutionNode = FALSE
	EndGlobalSection
	GlobalSection(ExtensibilityGlobals) = postSolution
		SolutionGuid = {85BC43C4-EC0C-48AA-82EB-C4DDC1C7D04A}
	EndGlobalSection
EndGlobal
