
Microsoft Visual Studio Solution File, Format Version 12.00
# Visual Studio Version 17
VisualStudioVersion = 17.4.33213.308
MinimumVisualStudioVersion = 10.0.40219.1
Project("{FAE04EC0-301F-11D3-BF4B-00C04F79EFBC}") = "DemoClase04", "DemoClase04\DemoClase04.csproj", "{1A181467-E254-4A80-9B7E-F3EC2E93725C}"
EndProject
Project("{FAE04EC0-301F-11D3-BF4B-00C04F79EFBC}") = "Clase04SP", "Clase04SP\Clase04SP.csproj", "{F37A30D9-A0A2-462E-8F3E-398B9525D007}"
EndProject
Project("{FAE04EC0-301F-11D3-BF4B-00C04F79EFBC}") = "AplicacionPersonas", "AplicacionPersonas\AplicacionPersonas.csproj", "{A8779876-C5C1-4857-B721-2E1249FF8C66}"
EndProject
Project("{FAE04EC0-301F-11D3-BF4B-00C04F79EFBC}") = "MVC", "MVC\MVC.csproj", "{C97A2B1E-9A74-4FF4-8E80-537AFB7611A9}"
EndProject
Global
	GlobalSection(SolutionConfigurationPlatforms) = preSolution
		Debug|Any CPU = Debug|Any CPU
		Release|Any CPU = Release|Any CPU
	EndGlobalSection
	GlobalSection(ProjectConfigurationPlatforms) = postSolution
		{1A181467-E254-4A80-9B7E-F3EC2E93725C}.Debug|Any CPU.ActiveCfg = Debug|Any CPU
		{1A181467-E254-4A80-9B7E-F3EC2E93725C}.Debug|Any CPU.Build.0 = Debug|Any CPU
		{1A181467-E254-4A80-9B7E-F3EC2E93725C}.Release|Any CPU.ActiveCfg = Release|Any CPU
		{1A181467-E254-4A80-9B7E-F3EC2E93725C}.Release|Any CPU.Build.0 = Release|Any CPU
		{F37A30D9-A0A2-462E-8F3E-398B9525D007}.Debug|Any CPU.ActiveCfg = Debug|Any CPU
		{F37A30D9-A0A2-462E-8F3E-398B9525D007}.Debug|Any CPU.Build.0 = Debug|Any CPU
		{F37A30D9-A0A2-462E-8F3E-398B9525D007}.Release|Any CPU.ActiveCfg = Release|Any CPU
		{F37A30D9-A0A2-462E-8F3E-398B9525D007}.Release|Any CPU.Build.0 = Release|Any CPU
		{A8779876-C5C1-4857-B721-2E1249FF8C66}.Debug|Any CPU.ActiveCfg = Debug|Any CPU
		{A8779876-C5C1-4857-B721-2E1249FF8C66}.Debug|Any CPU.Build.0 = Debug|Any CPU
		{A8779876-C5C1-4857-B721-2E1249FF8C66}.Release|Any CPU.ActiveCfg = Release|Any CPU
		{A8779876-C5C1-4857-B721-2E1249FF8C66}.Release|Any CPU.Build.0 = Release|Any CPU
		{C97A2B1E-9A74-4FF4-8E80-537AFB7611A9}.Debug|Any CPU.ActiveCfg = Debug|Any CPU
		{C97A2B1E-9A74-4FF4-8E80-537AFB7611A9}.Debug|Any CPU.Build.0 = Debug|Any CPU
		{C97A2B1E-9A74-4FF4-8E80-537AFB7611A9}.Release|Any CPU.ActiveCfg = Release|Any CPU
		{C97A2B1E-9A74-4FF4-8E80-537AFB7611A9}.Release|Any CPU.Build.0 = Release|Any CPU
	EndGlobalSection
	GlobalSection(SolutionProperties) = preSolution
		HideSolutionNode = FALSE
	EndGlobalSection
	GlobalSection(ExtensibilityGlobals) = postSolution
		SolutionGuid = {474236A7-0FFC-4BB2-8A8E-40E77051D33B}
	EndGlobalSection
EndGlobal
